
Microsoft Visual Studio Solution File, Format Version 12.00
# Visual Studio Version 16
VisualStudioVersion = 16.0.31112.23
MinimumVisualStudioVersion = 10.0.40219.1
Project("{FAE04EC0-301F-11D3-BF4B-00C04F79EFBC}") = "Confirm-Address for Outlook", "Confirm-Address for Outlook 2013\Confirm-Address for Outlook.csproj", "{1E7B4700-9C88-4860-AEC2-D12EDC8B71BA}"
EndProject
Project("{FAE04EC0-301F-11D3-BF4B-00C04F79EFBC}") = "CA-Outlook-xUnitTest", "CA-Outlook-xUnitTest\CA-Outlook-xUnitTest.csproj", "{AA9D50BC-4A06-4FD6-90F8-23CBB119972F}"
EndProject
Global
	GlobalSection(SolutionConfigurationPlatforms) = preSolution
		Debug|Any CPU = Debug|Any CPU
		Release|Any CPU = Release|Any CPU
	EndGlobalSection
	GlobalSection(ProjectConfigurationPlatforms) = postSolution
		{1E7B4700-9C88-4860-AEC2-D12EDC8B71BA}.Debug|Any CPU.ActiveCfg = Debug|Any CPU
		{1E7B4700-9C88-4860-AEC2-D12EDC8B71BA}.Debug|Any CPU.Build.0 = Debug|Any CPU
		{1E7B4700-9C88-4860-AEC2-D12EDC8B71BA}.Release|Any CPU.ActiveCfg = Release|Any CPU
		{1E7B4700-9C88-4860-AEC2-D12EDC8B71BA}.Release|Any CPU.Build.0 = Release|Any CPU
		{AA9D50BC-4A06-4FD6-90F8-23CBB119972F}.Debug|Any CPU.ActiveCfg = Debug|Any CPU
		{AA9D50BC-4A06-4FD6-90F8-23CBB119972F}.Debug|Any CPU.Build.0 = Debug|Any CPU
		{AA9D50BC-4A06-4FD6-90F8-23CBB119972F}.Release|Any CPU.ActiveCfg = Release|Any CPU
		{AA9D50BC-4A06-4FD6-90F8-23CBB119972F}.Release|Any CPU.Build.0 = Release|Any CPU
	EndGlobalSection
	GlobalSection(SolutionProperties) = preSolution
		HideSolutionNode = FALSE
	EndGlobalSection
	GlobalSection(ExtensibilityGlobals) = postSolution
		SolutionGuid = {10DA4BFF-8E13-4A3D-AA6B-341AA90B4A94}
	EndGlobalSection
EndGlobal
